
Microsoft Visual Studio Solution File, Format Version 12.00
# Visual Studio 15
VisualStudioVersion = 15.0.27703.2035
MinimumVisualStudioVersion = 10.0.40219.1
Project("{9A19103F-16F7-4668-BE54-9A1E7A4F7556}") = "DataTablePlus", "DataTablePlus\DataTablePlus.csproj", "{A3EAD1EA-9F35-4A13-B5BF-745DFC8E03CB}"
EndProject
Project("{9A19103F-16F7-4668-BE54-9A1E7A4F7556}") = "DataTablePlus.NetCore.UnitTests", "DataTablePlus.NetCore.UnitTests\DataTablePlus.NetCore.UnitTests.csproj", "{76EB6892-DBB6-4BEF-BFD0-B537CFAF057B}"
EndProject
Project("{FAE04EC0-301F-11D3-BF4B-00C04F79EFBC}") = "DataTablePlus.NetFull.UnitTests", "DataTablePlus.NetFull.UnitTests\DataTablePlus.NetFull.UnitTests.csproj", "{69F4C27E-A118-4AD2-8183-A5B933A503CE}"
EndProject
Project("{2150E333-8FDC-42A3-9474-1A3956D46DE8}") = "Solutiom Items", "Solutiom Items", "{75C27982-A1FE-4D00-80AA-72A11A8E9DF8}"
	ProjectSection(SolutionItems) = preProject
		appveyor.yml = appveyor.yml
		LICENSE.md = LICENSE.md
		README.md = README.md
		SharedAssemblyInfo.cs = SharedAssemblyInfo.cs
	EndProjectSection
EndProject
Global
	GlobalSection(SolutionConfigurationPlatforms) = preSolution
		Debug|Any CPU = Debug|Any CPU
		Release|Any CPU = Release|Any CPU
	EndGlobalSection
	GlobalSection(ProjectConfigurationPlatforms) = postSolution
		{A3EAD1EA-9F35-4A13-B5BF-745DFC8E03CB}.Debug|Any CPU.ActiveCfg = Debug|Any CPU
		{A3EAD1EA-9F35-4A13-B5BF-745DFC8E03CB}.Debug|Any CPU.Build.0 = Debug|Any CPU
		{A3EAD1EA-9F35-4A13-B5BF-745DFC8E03CB}.Release|Any CPU.ActiveCfg = Release|Any CPU
		{A3EAD1EA-9F35-4A13-B5BF-745DFC8E03CB}.Release|Any CPU.Build.0 = Release|Any CPU
		{76EB6892-DBB6-4BEF-BFD0-B537CFAF057B}.Debug|Any CPU.ActiveCfg = Debug|Any CPU
		{76EB6892-DBB6-4BEF-BFD0-B537CFAF057B}.Debug|Any CPU.Build.0 = Debug|Any CPU
		{76EB6892-DBB6-4BEF-BFD0-B537CFAF057B}.Release|Any CPU.ActiveCfg = Release|Any CPU
		{76EB6892-DBB6-4BEF-BFD0-B537CFAF057B}.Release|Any CPU.Build.0 = Release|Any CPU
		{69F4C27E-A118-4AD2-8183-A5B933A503CE}.Debug|Any CPU.ActiveCfg = Debug|Any CPU
		{69F4C27E-A118-4AD2-8183-A5B933A503CE}.Debug|Any CPU.Build.0 = Debug|Any CPU
		{69F4C27E-A118-4AD2-8183-A5B933A503CE}.Release|Any CPU.ActiveCfg = Release|Any CPU
		{69F4C27E-A118-4AD2-8183-A5B933A503CE}.Release|Any CPU.Build.0 = Release|Any CPU
	EndGlobalSection
	GlobalSection(SolutionProperties) = preSolution
		HideSolutionNode = FALSE
	EndGlobalSection
	GlobalSection(ExtensibilityGlobals) = postSolution
		SolutionGuid = {FD3157C0-C58D-4514-92FE-E69BBFDB990D}
	EndGlobalSection
EndGlobal
